
Microsoft Visual Studio Solution File, Format Version 12.00
# Visual Studio Version 17
VisualStudioVersion = 17.8.34525.116
MinimumVisualStudioVersion = 10.0.40219.1
Project("{FAE04EC0-301F-11D3-BF4B-00C04F79EFBC}") = "GaoooRuntime", "GaoooRuntime.csproj", "{0DA4545C-AFCF-4CE5-BAD7-F2956374F32F}"
EndProject
Project("{9A19103F-16F7-4668-BE54-9A1E7A4F7556}") = "Gaooo", "..\Gaooo\Gaooo.csproj", "{3C075806-51CD-45D0-A0C6-6990915E754D}"
EndProject
Project("{9A19103F-16F7-4668-BE54-9A1E7A4F7556}") = "Guooo", "..\Guooo\Guooo.csproj", "{FBC6CB60-8B4A-42ED-90F0-30D4F1F69B5E}"
EndProject
Global
	GlobalSection(SolutionConfigurationPlatforms) = preSolution
		Debug|Any CPU = Debug|Any CPU
		Release|Any CPU = Release|Any CPU
	EndGlobalSection
	GlobalSection(ProjectConfigurationPlatforms) = postSolution
		{0DA4545C-AFCF-4CE5-BAD7-F2956374F32F}.Debug|Any CPU.ActiveCfg = Debug|Any CPU
		{0DA4545C-AFCF-4CE5-BAD7-F2956374F32F}.Debug|Any CPU.Build.0 = Debug|Any CPU
		{0DA4545C-AFCF-4CE5-BAD7-F2956374F32F}.Release|Any CPU.ActiveCfg = Release|Any CPU
		{0DA4545C-AFCF-4CE5-BAD7-F2956374F32F}.Release|Any CPU.Build.0 = Release|Any CPU
		{3C075806-51CD-45D0-A0C6-6990915E754D}.Debug|Any CPU.ActiveCfg = Debug|Any CPU
		{3C075806-51CD-45D0-A0C6-6990915E754D}.Debug|Any CPU.Build.0 = Debug|Any CPU
		{3C075806-51CD-45D0-A0C6-6990915E754D}.Release|Any CPU.ActiveCfg = Release|Any CPU
		{3C075806-51CD-45D0-A0C6-6990915E754D}.Release|Any CPU.Build.0 = Release|Any CPU
		{FBC6CB60-8B4A-42ED-90F0-30D4F1F69B5E}.Debug|Any CPU.ActiveCfg = Debug|Any CPU
		{FBC6CB60-8B4A-42ED-90F0-30D4F1F69B5E}.Debug|Any CPU.Build.0 = Debug|Any CPU
		{FBC6CB60-8B4A-42ED-90F0-30D4F1F69B5E}.Release|Any CPU.ActiveCfg = Release|Any CPU
		{FBC6CB60-8B4A-42ED-90F0-30D4F1F69B5E}.Release|Any CPU.Build.0 = Release|Any CPU
	EndGlobalSection
	GlobalSection(SolutionProperties) = preSolution
		HideSolutionNode = FALSE
	EndGlobalSection
	GlobalSection(ExtensibilityGlobals) = postSolution
		SolutionGuid = {ED368249-66E7-4ABD-B1A3-E063AA16688A}
	EndGlobalSection
EndGlobal
